
Microsoft Visual Studio Solution File, Format Version 12.00
# Visual Studio Version 17
VisualStudioVersion = 17.12.35707.178 d17.12
MinimumVisualStudioVersion = 10.0.40219.1
Project("{FAE04EC0-301F-11D3-BF4B-00C04F79EFBC}") = "DeliverySystem", "DeliverySystem\DeliverySystem.csproj", "{E3D5380B-D9F1-4FA1-B078-3FD2A9CDFD36}"
EndProject
Project("{FAE04EC0-301F-11D3-BF4B-00C04F79EFBC}") = "DeliverySystem.Tests", "DeliverySystem.Tests\DeliverySystem.Tests.csproj", "{472BE00B-8F08-4416-8FCC-E9F0F4622EBA}"
EndProject
Global
	GlobalSection(SolutionConfigurationPlatforms) = preSolution
		Debug|Any CPU = Debug|Any CPU
		Release|Any CPU = Release|Any CPU
	EndGlobalSection
	GlobalSection(ProjectConfigurationPlatforms) = postSolution
		{E3D5380B-D9F1-4FA1-B078-3FD2A9CDFD36}.Debug|Any CPU.ActiveCfg = Debug|Any CPU
		{E3D5380B-D9F1-4FA1-B078-3FD2A9CDFD36}.Debug|Any CPU.Build.0 = Debug|Any CPU
		{E3D5380B-D9F1-4FA1-B078-3FD2A9CDFD36}.Release|Any CPU.ActiveCfg = Release|Any CPU
		{E3D5380B-D9F1-4FA1-B078-3FD2A9CDFD36}.Release|Any CPU.Build.0 = Release|Any CPU
		{472BE00B-8F08-4416-8FCC-E9F0F4622EBA}.Debug|Any CPU.ActiveCfg = Debug|Any CPU
		{472BE00B-8F08-4416-8FCC-E9F0F4622EBA}.Debug|Any CPU.Build.0 = Debug|Any CPU
		{472BE00B-8F08-4416-8FCC-E9F0F4622EBA}.Release|Any CPU.ActiveCfg = Release|Any CPU
		{472BE00B-8F08-4416-8FCC-E9F0F4622EBA}.Release|Any CPU.Build.0 = Release|Any CPU
	EndGlobalSection
	GlobalSection(SolutionProperties) = preSolution
		HideSolutionNode = FALSE
	EndGlobalSection
EndGlobal
